# THIS IS AN AUTOGENERATED FILE. DO NOT EDIT THIS FILE DIRECTLY.
# yarn lockfile v1


"@fortawesome/fontawesome-common-types@6.2.1":
  version "6.2.1"
  resolved "https://registry.yarnpkg.com/@fortawesome/fontawesome-common-types/-/fontawesome-common-types-6.2.1.tgz#411e02a820744d3f7e0d8d9df9d82b471beaa073"
  integrity sha512-Sz07mnQrTekFWLz5BMjOzHl/+NooTdW8F8kDQxjWwbpOJcnoSg4vUDng8d/WR1wOxM0O+CY9Zw0nR054riNYtQ==

"@fortawesome/fontawesome-svg-core@^6.2.1":
  version "6.2.1"
  resolved "https://registry.yarnpkg.com/@fortawesome/fontawesome-svg-core/-/fontawesome-svg-core-6.2.1.tgz#e87e905e444b5e7b715af09b64d27b53d4c8f9d9"
  integrity sha512-HELwwbCz6C1XEcjzyT1Jugmz2NNklMrSPjZOWMlc+ZsHIVk+XOvOXLGGQtFBwSyqfJDNgRq4xBCwWOaZ/d9DEA==
  dependencies:
    "@fortawesome/fontawesome-common-types" "6.2.1"

"@fortawesome/free-solid-svg-icons@^6.2.1":
  version "6.2.1"
  resolved "https://registry.yarnpkg.com/@fortawesome/free-solid-svg-icons/-/free-solid-svg-icons-6.2.1.tgz#2290ea5adcf1537cbd0c43de6feb38af02141d27"
  integrity sha512-oKuqrP5jbfEPJWTij4sM+/RvgX+RMFwx3QZCZcK9PrBDgxC35zuc7AOFsyMjMd/PIFPeB2JxyqDr5zs/DZFPPw==
  dependencies:
    "@fortawesome/fontawesome-common-types" "6.2.1"
